
Microsoft Visual Studio Solution File, Format Version 12.00
# Visual Studio Version 17
VisualStudioVersion = 17.10.35122.118
MinimumVisualStudioVersion = 10.0.40219.1
Project("{FAE04EC0-301F-11D3-BF4B-00C04F79EFBC}") = "Painkiller", "Painkiller\Painkiller.csproj", "{D8755807-D62A-4289-A7B9-1528D12AA39D}"
EndProject
Global
	GlobalSection(SolutionConfigurationPlatforms) = preSolution
		Debug|Any CPU = Debug|Any CPU
		Release|Any CPU = Release|Any CPU
	EndGlobalSection
	GlobalSection(ProjectConfigurationPlatforms) = postSolution
		{D8755807-D62A-4289-A7B9-1528D12AA39D}.Debug|Any CPU.ActiveCfg = Debug|Any CPU
		{D8755807-D62A-4289-A7B9-1528D12AA39D}.Debug|Any CPU.Build.0 = Debug|Any CPU
		{D8755807-D62A-4289-A7B9-1528D12AA39D}.Release|Any CPU.ActiveCfg = Release|Any CPU
		{D8755807-D62A-4289-A7B9-1528D12AA39D}.Release|Any CPU.Build.0 = Release|Any CPU
	EndGlobalSection
	GlobalSection(SolutionProperties) = preSolution
		HideSolutionNode = FALSE
	EndGlobalSection
	GlobalSection(ExtensibilityGlobals) = postSolution
		SolutionGuid = {996B6524-4C40-4003-B5C3-6925D56CC62E}
	EndGlobalSection
EndGlobal
